github.com/lovego/email v0.0.1 h1:RnrIXpnTl1xaDXVqvFwCvkIHP2DDuvai+5NgIi//dBs=
github.com/lovego/email v0.0.1/go.mod h1:etS7OXmAVrs+bqxn5ywHObepu0v7b6QwqCy7NZZQDZA=
github.com/lovego/pool v0.0.2 h1:4vKJfPBaIQ1hOJaJKkgb4Rlzq13d3QzzFTMDb16w418=
github.com/lovego/pool v0.0.2/go.mod h1:JL2qHUXNI8RlmDhuZpxIHJhEu+jcBWCABxxDAXRzb0w=
