github.com/lovego/email v0.0.2 h1:AwRq5b0Hrf0LmwgIXAhNfQN+d81Nhw8p736/dUfZxkc=
github.com/lovego/email v0.0.2/go.mod h1:tRKrms/bVayKsHO1ULZGK9lW1mlWEu281Q+dJ7ygD1U=
github.com/lovego/pool v0.0.3 h1:bV3YVMBJ8T2hVVA3abpyYagOzgoeT8S4dK+m9iU+Vq0=
github.com/lovego/pool v0.0.3/go.mod h1:JL2qHUXNI8RlmDhuZpxIHJhEu+jcBWCABxxDAXRzb0w=
